<?xml version="1.0" encoding="utf-8"?>
<Project ToolsVersion="17.0" xmlns="http://schemas.microsoft.com/developer/msbuild/2003">
  <ItemGroup>
    <CustomBuild Include="C:\Woodchop\collapsi-deploy\Collapsi\cpp\build-deploy\CMakeFiles\6471750602c87c676f1ada2beb6a9348\generate.stamp.rule">
      <Filter>CMake Rules</Filter>
    </CustomBuild>
  </ItemGroup>
  <ItemGroup>
    <Filter Include="CMake Rules">
      <UniqueIdentifier>{F6D63BFD-93AA-3C10-9B62-2150B440DD14}</UniqueIdentifier>
    </Filter>
  </ItemGroup>
</Project>
